
Microsoft Visual Studio Solution File, Format Version 12.00
# Visual Studio Version 17
VisualStudioVersion = 17.13.35931.197 d17.13
MinimumVisualStudioVersion = 10.0.40219.1
Project("{FAE04EC0-301F-11D3-BF4B-00C04F79EFBC}") = "LaJusie", "LaJusie\LaJusie.csproj", "{5ED61F83-D250-4974-A4FC-8955A8F7E751}"
EndProject
Global
	GlobalSection(SolutionConfigurationPlatforms) = preSolution
		Debug|Any CPU = Debug|Any CPU
		Release|Any CPU = Release|Any CPU
	EndGlobalSection
	GlobalSection(ProjectConfigurationPlatforms) = postSolution
		{5ED61F83-D250-4974-A4FC-8955A8F7E751}.Debug|Any CPU.ActiveCfg = Debug|Any CPU
		{5ED61F83-D250-4974-A4FC-8955A8F7E751}.Debug|Any CPU.Build.0 = Debug|Any CPU
		{5ED61F83-D250-4974-A4FC-8955A8F7E751}.Release|Any CPU.ActiveCfg = Release|Any CPU
		{5ED61F83-D250-4974-A4FC-8955A8F7E751}.Release|Any CPU.Build.0 = Release|Any CPU
	EndGlobalSection
	GlobalSection(SolutionProperties) = preSolution
		HideSolutionNode = FALSE
	EndGlobalSection
	GlobalSection(ExtensibilityGlobals) = postSolution
		SolutionGuid = {7B1BD4DE-8D43-47F2-81DE-0D4703909D30}
	EndGlobalSection
EndGlobal
